// !$*UTF8*$!
{
	archiveVersion = 1;
	classes = {
	};
	objectVersion = 50;
	objects = {

/* Begin PBXBuildFile section */
		08712E642661DC84002A903C /* AppDelegate.swift in Sources */ = {isa = PBXBuildFile; fileRef = 08712E632661DC84002A903C /* AppDelegate.swift */; };
		08712E662661DC84002A903C /* SceneDelegate.swift in Sources */ = {isa = PBXBuildFile; fileRef = 08712E652661DC84002A903C /* SceneDelegate.swift */; };
		08712E682661DC84002A903C /* ViewController.swift in Sources */ = {isa = PBXBuildFile; fileRef = 08712E672661DC84002A903C /* ViewController.swift */; };
		08712E6B2661DC84002A903C /* Main.storyboard in Resources */ = {isa = PBXBuildFile; fileRef = 08712E692661DC84002A903C /* Main.storyboard */; };
		08712E6E2661DC84002A903C /* Slider.xcdatamodeld in Sources */ = {isa = PBXBuildFile; fileRef = 08712E6C2661DC84002A903C /* Slider.xcdatamodeld */; };
		08712E702661DC89002A903C /* Assets.xcassets in Resources */ = {isa = PBXBuildFile; fileRef = 08712E6F2661DC89002A903C /* Assets.xcassets */; };
		08712E732661DC89002A903C /* LaunchScreen.storyboard in Resources */ = {isa = PBXBuildFile; fileRef = 08712E712661DC89002A903C /* LaunchScreen.storyboard */; };
		B55D1D4DE6BC0B7819BDDFF7 /* Pods_Slider.framework in Frameworks */ = {isa = PBXBuildFile; fileRef = 7DD1B698F605E8D589E6B7E9 /* Pods_Slider.framework */; };
/* End PBXBuildFile section */

/* Begin PBXFileReference section */
		08712E602661DC84002A903C /* Slider.app */ = {isa = PBXFileReference; explicitFileType = wrapper.application; includeInIndex = 0; path = Slider.app; sourceTree = BUILT_PRODUCTS_DIR; };
		08712E632661DC84002A903C /* AppDelegate.swift */ = {isa = PBXFileReference; lastKnownFileType = sourcecode.swift; path = AppDelegate.swift; sourceTree = "<group>"; };
		08712E652661DC84002A903C /* SceneDelegate.swift */ = {isa = PBXFileReference; lastKnownFileType = sourcecode.swift; path = SceneDelegate.swift; sourceTree = "<group>"; };
		08712E672661DC84002A903C /* ViewController.swift */ = {isa = PBXFileReference; lastKnownFileType = sourcecode.swift; path = ViewController.swift; sourceTree = "<group>"; };
		08712E6A2661DC84002A903C /* Base */ = {isa = PBXFileReference; lastKnownFileType = file.storyboard; name = Base; path = Base.lproj/Main.storyboard; sourceTree = "<group>"; };
		08712E6D2661DC84002A903C /* Slider.xcdatamodel */ = {isa = PBXFileReference; lastKnownFileType = wrapper.xcdatamodel; path = Slider.xcdatamodel; sourceTree = "<group>"; };
		08712E6F2661DC89002A903C /* Assets.xcassets */ = {isa = PBXFileReference; lastKnownFileType = folder.assetcatalog; path = Assets.xcassets; sourceTree = "<group>"; };
		08712E722661DC89002A903C /* Base */ = {isa = PBXFileReference; lastKnownFileType = file.storyboard; name = Base; path = Base.lproj/LaunchScreen.storyboard; sourceTree = "<group>"; };
		08712E742661DC89002A903C /* Info.plist */ = {isa = PBXFileReference; lastKnownFileType = text.plist.xml; path = Info.plist; sourceTree = "<group>"; };
		737AFA02F1A163112545D8CD /* Pods-Slider.release.xcconfig */ = {isa = PBXFileReference; includeInIndex = 1; lastKnownFileType = text.xcconfig; name = "Pods-Slider.release.xcconfig"; path = "Target Support Files/Pods-Slider/Pods-Slider.release.xcconfig"; sourceTree = "<group>"; };
		7DD1B698F605E8D589E6B7E9 /* Pods_Slider.framework */ = {isa = PBXFileReference; explicitFileType = wrapper.framework; includeInIndex = 0; path = Pods_Slider.framework; sourceTree = BUILT_PRODUCTS_DIR; };
		D40304A5A8D28A1C27210943 /* Pods-Slider.debug.xcconfig */ = {isa = PBXFileReference; includeInIndex = 1; lastKnownFileType = text.xcconfig; name = "Pods-Slider.debug.xcconfig"; path = "Target Support Files/Pods-Slider/Pods-Slider.debug.xcconfig"; sourceTree = "<group>"; };
/* End PBXFileReference section */

/* Begin PBXFrameworksBuildPhase section */
		08712E5D2661DC84002A903C /* Frameworks */ = {
			isa = PBXFrameworksBuildPhase;
			buildActionMask = 2147483647;
			files = (
				B55D1D4DE6BC0B7819BDDFF7 /* Pods_Slider.framework in Frameworks */,
			);
			runOnlyForDeploymentPostprocessing = 0;
		};
/* End PBXFrameworksBuildPhase section */

/* Begin PBXGroup section */
		08712E572661DC84002A903C = {
			isa = PBXGroup;
			children = (
				08712E622661DC84002A903C /* Slider */,
				08712E612661DC84002A903C /* Products */,
				ED9A33E8F7EB2681E9AC14A8 /* Pods */,
				9CA3697838B8270CF59A7995 /* Frameworks */,
			);
			sourceTree = "<group>";
		};
		08712E612661DC84002A903C /* Products */ = {
			isa = PBXGroup;
			children = (
				08712E602661DC84002A903C /* Slider.app */,
			);
			name = Products;
			sourceTree = "<group>";
		};
		08712E622661DC84002A903C /* Slider */ = {
			isa = PBXGroup;
			children = (
				08712E632661DC84002A903C /* AppDelegate.swift */,
				08712E652661DC84002A903C /* SceneDelegate.swift */,
				08712E672661DC84002A903C /* ViewController.swift */,
				08712E692661DC84002A903C /* Main.storyboard */,
				08712E6F2661DC89002A903C /* Assets.xcassets */,
				08712E712661DC89002A903C /* LaunchScreen.storyboard */,
				08712E742661DC89002A903C /* Info.plist */,
				08712E6C2661DC84002A903C /* Slider.xcdatamodeld */,
			);
			path = Slider;
			sourceTree = "<group>";
		};
		9CA3697838B8270CF59A7995 /* Frameworks */ = {
			isa = PBXGroup;
			children = (
				7DD1B698F605E8D589E6B7E9 /* Pods_Slider.framework */,
			);
			name = Frameworks;
			sourceTree = "<group>";
		};
		ED9A33E8F7EB2681E9AC14A8 /* Pods */ = {
			isa = PBXGroup;
			children = (
				D40304A5A8D28A1C27210943 /* Pods-Slider.debug.xcconfig */,
				737AFA02F1A163112545D8CD /* Pods-Slider.release.xcconfig */,
			);
			name = Pods;
			path = Pods;
			sourceTree = "<group>";
		};
/* End PBXGroup section */

/* Begin PBXNativeTarget section */
		08712E5F2661DC84002A903C /* Slider */ = {
			isa = PBXNativeTarget;
			buildConfigurationList = 08712E772661DC89002A903C /* Build configuration list for PBXNativeTarget "Slider" */;
			buildPhases = (
				2306A86806AF8CCC71EE5E6C /* [CP] Check Pods Manifest.lock */,
				08712E5C2661DC84002A903C /* Sources */,
				08712E5D2661DC84002A903C /* Frameworks */,
				08712E5E2661DC84002A903C /* Resources */,
				B13E3215B0A8CC31B2B9D40B /* [CP] Embed Pods Frameworks */,
			);
			buildRules = (
			);
			dependencies = (
			);
			name = Slider;
			productName = Slider;
			productReference = 08712E602661DC84002A903C /* Slider.app */;
			productType = "com.apple.product-type.application";
		};
/* End PBXNativeTarget section */

/* Begin PBXProject section */
		08712E582661DC84002A903C /* Project object */ = {
			isa = PBXProject;
			attributes = {
				LastSwiftUpdateCheck = 1240;
				LastUpgradeCheck = 1240;
				TargetAttributes = {
					08712E5F2661DC84002A903C = {
						CreatedOnToolsVersion = 12.4;
					};
				};
			};
			buildConfigurationList = 08712E5B2661DC84002A903C /* Build configuration list for PBXProject "Slider" */;
			compatibilityVersion = "Xcode 9.3";
			developmentRegion = en;
			hasScannedForEncodings = 0;
			knownRegions = (
				en,
				Base,
			);
			mainGroup = 08712E572661DC84002A903C;
			productRefGroup = 08712E612661DC84002A903C /* Products */;
			projectDirPath = "";
			projectRoot = "";
			targets = (
				08712E5F2661DC84002A903C /* Slider */,
			);
		};
/* End PBXProject section */

/* Begin PBXResourcesBuildPhase section */
		08712E5E2661DC84002A903C /* Resources */ = {
			isa = PBXResourcesBuildPhase;
			buildActionMask = 2147483647;
			files = (
				08712E732661DC89002A903C /* LaunchScreen.storyboard in Resources */,
				08712E702661DC89002A903C /* Assets.xcassets in Resources */,
				08712E6B2661DC84002A903C /* Main.storyboard in Resources */,
			);
			runOnlyForDeploymentPostprocessing = 0;
		};
/* End PBXResourcesBuildPhase section */

/* Begin PBXShellScriptBuildPhase section */
		2306A86806AF8CCC71EE5E6C /* [CP] Check Pods Manifest.lock */ = {
			isa = PBXShellScriptBuildPhase;
			buildActionMask = 2147483647;
			files = (
			);
			inputFileListPaths = (
			);
			inputPaths = (
				"${PODS_PODFILE_DIR_PATH}/Podfile.lock",
				"${PODS_ROOT}/Manifest.lock",
			);
			name = "[CP] Check Pods Manifest.lock";
			outputFileListPaths = (
			);
			outputPaths = (
				"$(DERIVED_FILE_DIR)/Pods-Slider-checkManifestLockResult.txt",
			);
			runOnlyForDeploymentPostprocessing = 0;
			shellPath = /bin/sh;
			shellScript = "diff \"${PODS_PODFILE_DIR_PATH}/Podfile.lock\" \"${PODS_ROOT}/Manifest.lock\" > /dev/null\nif [ $? != 0 ] ; then\n    # print error to STDERR\n    echo \"error: The sandbox is not in sync with the Podfile.lock. Run 'pod install' or update your CocoaPods installation.\" >&2\n    exit 1\nfi\n# This output is used by Xcode 'outputs' to avoid re-running this script phase.\necho \"SUCCESS\" > \"${SCRIPT_OUTPUT_FILE_0}\"\n";
			showEnvVarsInLog = 0;
		};
		B13E3215B0A8CC31B2B9D40B /* [CP] Embed Pods Frameworks */ = {
			isa = PBXShellScriptBuildPhase;
			buildActionMask = 2147483647;
			files = (
			);
			inputFileListPaths = (
				"${PODS_ROOT}/Target Support Files/Pods-Slider/Pods-Slider-frameworks-${CONFIGURATION}-input-files.xcfilelist",
			);
			name = "[CP] Embed Pods Frameworks";
			outputFileListPaths = (
				"${PODS_ROOT}/Target Support Files/Pods-Slider/Pods-Slider-frameworks-${CONFIGURATION}-output-files.xcfilelist",
			);
			runOnlyForDeploymentPostprocessing = 0;
			shellPath = /bin/sh;
			shellScript = "\"${PODS_ROOT}/Target Support Files/Pods-Slider/Pods-Slider-frameworks.sh\"\n";
			showEnvVarsInLog = 0;
		};
/* End PBXShellScriptBuildPhase section */

/* Begin PBXSourcesBuildPhase section */
		08712E5C2661DC84002A903C /* Sources */ = {
			isa = PBXSourcesBuildPhase;
			buildActionMask = 2147483647;
			files = (
				08712E682661DC84002A903C /* ViewController.swift in Sources */,
				08712E642661DC84002A903C /* AppDelegate.swift in Sources */,
				08712E6E2661DC84002A903C /* Slider.xcdatamodeld in Sources */,
				08712E662661DC84002A903C /* SceneDelegate.swift in Sources */,
			);
			runOnlyForDeploymentPostprocessing = 0;
		};
/* End PBXSourcesBuildPhase section */

/* Begin PBXVariantGroup section */
		08712E692661DC84002A903C /* Main.storyboard */ = {
			isa = PBXVariantGroup;
			children = (
				08712E6A2661DC84002A903C /* Base */,
			);
			name = Main.storyboard;
			sourceTree = "<group>";
		};
		08712E712661DC89002A903C /* LaunchScreen.storyboard */ = {
			isa = PBXVariantGroup;
			children = (
				08712E722661DC89002A903C /* Base */,
			);
			name = LaunchScreen.storyboard;
			sourceTree = "<group>";
		};
/* End PBXVariantGroup section */

/* Begin XCBuildConfiguration section */
		08712E752661DC89002A903C /* Debug */ = {
			isa = XCBuildConfiguration;
			buildSettings = {
				ALWAYS_SEARCH_USER_PATHS = NO;
				CLANG_ANALYZER_NONNULL = YES;
				CLANG_ANALYZER_NUMBER_OBJECT_CONVERSION = YES_AGGRESSIVE;
				CLANG_CXX_LANGUAGE_STANDARD = "gnu++14";
				CLANG_CXX_LIBRARY = "libc++";
				CLANG_ENABLE_MODULES = YES;
				CLANG_ENABLE_OBJC_ARC = YES;
				CLANG_ENABLE_OBJC_WEAK = YES;
				CLANG_WARN_BLOCK_CAPTURE_AUTORELEASING = YES;
				CLANG_WARN_BOOL_CONVERSION = YES;
				CLANG_WARN_COMMA = YES;
				CLANG_WARN_CONSTANT_CONVERSION = YES;
				CLANG_WARN_DEPRECATED_OBJC_IMPLEMENTATIONS = YES;
				CLANG_WARN_DIRECT_OBJC_ISA_USAGE = YES_ERROR;
				CLANG_WARN_DOCUMENTATION_COMMENTS = YES;
				CLANG_WARN_EMPTY_BODY = YES;
				CLANG_WARN_ENUM_CONVERSION = YES;
				CLANG_WARN_INFINITE_RECURSION = YES;
				CLANG_WARN_INT_CONVERSION = YES;
				CLANG_WARN_NON_LITERAL_NULL_CONVERSION = YES;
				CLANG_WARN_OBJC_IMPLICIT_RETAIN_SELF = YES;
				CLANG_WARN_OBJC_LITERAL_CONVERSION = YES;
				CLANG_WARN_OBJC_ROOT_CLASS = YES_ERROR;
				CLANG_WARN_QUOTED_INCLUDE_IN_FRAMEWORK_HEADER = YES;
				CLANG_WARN_RANGE_LOOP_ANALYSIS = YES;
				CLANG_WARN_STRICT_PROTOTYPES = YES;
				CLANG_WARN_SUSPICIOUS_MOVE = YES;
				CLANG_WARN_UNGUARDED_AVAILABILITY = YES_AGGRESSIVE;
				CLANG_WARN_UNREACHABLE_CODE = YES;
				CLANG_WARN__DUPLICATE_METHOD_MATCH = YES;
				COPY_PHASE_STRIP = NO;
				DEBUG_INFORMATION_FORMAT = dwarf;
				ENABLE_STRICT_OBJC_MSGSEND = YES;
				ENABLE_TESTABILITY = YES;
				GCC_C_LANGUAGE_STANDARD = gnu11;
				GCC_DYNAMIC_NO_PIC = NO;
				GCC_NO_COMMON_BLOCKS = YES;
				GCC_OPTIMIZATION_LEVEL = 0;
				GCC_PREPROCESSOR_DEFINITIONS = (
					"DEBUG=1",
					"$(inherited)",
				);
				GCC_WARN_64_TO_32_BIT_CONVERSION = YES;
				GCC_WARN_ABOUT_RETURN_TYPE = YES_ERROR;
				GCC_WARN_UNDECLARED_SELECTOR = YES;
				GCC_WARN_UNINITIALIZED_AUTOS = YES_AGGRESSIVE;
				GCC_WARN_UNUSED_FUNCTION = YES;
				GCC_WARN_UNUSED_VARIABLE = YES;
				IPHONEOS_DEPLOYMENT_TARGET = 14.4;
				MTL_ENABLE_DEBUG_INFO = INCLUDE_SOURCE;
				MTL_FAST_MATH = YES;
				ONLY_ACTIVE_ARCH = YES;
				SDKROOT = iphoneos;
				SWIFT_ACTIVE_COMPILATION_CONDITIONS = DEBUG;
				SWIFT_OPTIMIZATION_LEVEL = "-Onone";
			};
			name = Debug;
		};
		08712E762661DC89002A903C /* Release */ = {
			isa = XCBuildConfiguration;
			buildSettings = {
				ALWAYS_SEARCH_USER_PATHS = NO;
				CLANG_ANALYZER_NONNULL = YES;
				CLANG_ANALYZER_NUMBER_OBJECT_CONVERSION = YES_AGGRESSIVE;
				CLANG_CXX_LANGUAGE_STANDARD = "gnu++14";
				CLANG_CXX_LIBRARY = "libc++";
				CLANG_ENABLE_MODULES = YES;
				CLANG_ENABLE_OBJC_ARC = YES;
				CLANG_ENABLE_OBJC_WEAK = YES;
				CLANG_WARN_BLOCK_CAPTURE_AUTORELEASING = YES;
				CLANG_WARN_BOOL_CONVERSION = YES;
				CLANG_WARN_COMMA = YES;
				CLANG_WARN_CONSTANT_CONVERSION = YES;
				CLANG_WARN_DEPRECATED_OBJC_IMPLEMENTATIONS = YES;
				CLANG_WARN_DIRECT_OBJC_ISA_USAGE = YES_ERROR;
				CLANG_WARN_DOCUMENTATION_COMMENTS = YES;
				CLANG_WARN_EMPTY_BODY = YES;
				CLANG_WARN_ENUM_CONVERSION = YES;
				CLANG_WARN_INFINITE_RECURSION = YES;
				CLANG_WARN_INT_CONVERSION = YES;
				CLANG_WARN_NON_LITERAL_NULL_CONVERSION = YES;
				CLANG_WARN_OBJC_IMPLICIT_RETAIN_SELF = YES;
				CLANG_WARN_OBJC_LITERAL_CONVERSION = YES;
				CLANG_WARN_OBJC_ROOT_CLASS = YES_ERROR;
				CLANG_WARN_QUOTED_INCLUDE_IN_FRAMEWORK_HEADER = YES;
				CLANG_WARN_RANGE_LOOP_ANALYSIS = YES;
				CLANG_WARN_STRICT_PROTOTYPES = YES;
				CLANG_WARN_SUSPICIOUS_MOVE = YES;
				CLANG_WARN_UNGUARDED_AVAILABILITY = YES_AGGRESSIVE;
				CLANG_WARN_UNREACHABLE_CODE = YES;
				CLANG_WARN__DUPLICATE_METHOD_MATCH = YES;
				COPY_PHASE_STRIP = NO;
				DEBUG_INFORMATION_FORMAT = "dwarf-with-dsym";
				ENABLE_NS_ASSERTIONS = NO;
				ENABLE_STRICT_OBJC_MSGSEND = YES;
				GCC_C_LANGUAGE_STANDARD = gnu11;
				GCC_NO_COMMON_BLOCKS = YES;
				GCC_WARN_64_TO_32_BIT_CONVERSION = YES;
				GCC_WARN_ABOUT_RETURN_TYPE = YES_ERROR;
				GCC_WARN_UNDECLARED_SELECTOR = YES;
				GCC_WARN_UNINITIALIZED_AUTOS = YES_AGGRESSIVE;
				GCC_WARN_UNUSED_FUNCTION = YES;
				GCC_WARN_UNUSED_VARIABLE = YES;
				IPHONEOS_DEPLOYMENT_TARGET = 14.4;
				MTL_ENABLE_DEBUG_INFO = NO;
				MTL_FAST_MATH = YES;
				SDKROOT = iphoneos;
				SWIFT_COMPILATION_MODE = wholemodule;
				SWIFT_OPTIMIZATION_LEVEL = "-O";
				VALIDATE_PRODUCT = YES;
			};
			name = Release;
		};
		08712E782661DC89002A903C /* Debug */ = {
			isa = XCBuildConfiguration;
			baseConfigurationReference = D40304A5A8D28A1C27210943 /* Pods-Slider.debug.xcconfig */;
			buildSettings = {
				ASSETCATALOG_COMPILER_APPICON_NAME = AppIcon;
				ASSETCATALOG_COMPILER_GLOBAL_ACCENT_COLOR_NAME = AccentColor;
				CODE_SIGN_STYLE = Automatic;
				INFOPLIST_FILE = Slider/Info.plist;
				LD_RUNPATH_SEARCH_PATHS = (
					"$(inherited)",
					"@executable_path/Frameworks",
				);
				PRODUCT_BUNDLE_IDENTIFIER = "Paras-Gupta.Slider";
				PRODUCT_NAME = "$(TARGET_NAME)";
				SWIFT_VERSION = 5.0;
				TARGETED_DEVICE_FAMILY = "1,2";
			};
			name = Debug;
		};
		08712E792661DC89002A903C /* Release */ = {
			isa = XCBuildConfiguration;
			baseConfigurationReference = 737AFA02F1A163112545D8CD /* Pods-Slider.release.xcconfig */;
			buildSettings = {
				ASSETCATALOG_COMPILER_APPICON_NAME = AppIcon;
				ASSETCATALOG_COMPILER_GLOBAL_ACCENT_COLOR_NAME = AccentColor;
				CODE_SIGN_STYLE = Automatic;
				INFOPLIST_FILE = Slider/Info.plist;
				LD_RUNPATH_SEARCH_PATHS = (
					"$(inherited)",
					"@executable_path/Frameworks",
				);
				PRODUCT_BUNDLE_IDENTIFIER = "Paras-Gupta.Slider";
				PRODUCT_NAME = "$(TARGET_NAME)";
				SWIFT_VERSION = 5.0;
				TARGETED_DEVICE_FAMILY = "1,2";
			};
			name = Release;
		};
/* End XCBuildConfiguration section */

/* Begin XCConfigurationList section */
		08712E5B2661DC84002A903C /* Build configuration list for PBXProject "Slider" */ = {
			isa = XCConfigurationList;
			buildConfigurations = (
				08712E752661DC89002A903C /* Debug */,
				08712E762661DC89002A903C /* Release */,
			);
			defaultConfigurationIsVisible = 0;
			defaultConfigurationName = Release;
		};
		08712E772661DC89002A903C /* Build configuration list for PBXNativeTarget "Slider" */ = {
			isa = XCConfigurationList;
			buildConfigurations = (
				08712E782661DC89002A903C /* Debug */,
				08712E792661DC89002A903C /* Release */,
			);
			defaultConfigurationIsVisible = 0;
			defaultConfigurationName = Release;
		};
/* End XCConfigurationList section */

/* Begin XCVersionGroup section */
		08712E6C2661DC84002A903C /* Slider.xcdatamodeld */ = {
			isa = XCVersionGroup;
			children = (
				08712E6D2661DC84002A903C /* Slider.xcdatamodel */,
			);
			currentVersion = 08712E6D2661DC84002A903C /* Slider.xcdatamodel */;
			path = Slider.xcdatamodeld;
			sourceTree = "<group>";
			versionGroupType = wrapper.xcdatamodel;
		};
/* End XCVersionGroup section */
	};
	rootObject = 08712E582661DC84002A903C /* Project object */;
}
